
Microsoft Visual Studio Solution File, Format Version 12.00
# Visual Studio Version 16
VisualStudioVersion = 16.0.30309.148
MinimumVisualStudioVersion = 10.0.40219.1
Project("{9A19103F-16F7-4668-BE54-9A1E7A4F7556}") = "CalculoDeValorTotalEmPedido", "CalculoDeValorTotalEmPedido.csproj", "{3AA3D6B9-0385-4FB6-9DD8-6C2D31370D22}"
EndProject
Project("{9A19103F-16F7-4668-BE54-9A1E7A4F7556}") = "AreaCirculo", "..\AreaCirculo\AreaCirculo.csproj", "{B45F46EA-D083-4FE5-825D-7283AC179387}"
EndProject
Project("{9A19103F-16F7-4668-BE54-9A1E7A4F7556}") = "CalcularPedido", "..\CalcularPedido\CalcularPedido.csproj", "{CA15A968-FDF6-4D79-81F6-300A4F7CE3C2}"
EndProject
Project("{FAE04EC0-301F-11D3-BF4B-00C04F79EFBC}") = "Bhaskara", "..\Bhaskara\Bhaskara.csproj", "{97BD12D9-E01D-4B19-B650-A3EAD47E78AA}"
EndProject
Global
	GlobalSection(SolutionConfigurationPlatforms) = preSolution
		Debug|Any CPU = Debug|Any CPU
		Release|Any CPU = Release|Any CPU
	EndGlobalSection
	GlobalSection(ProjectConfigurationPlatforms) = postSolution
		{3AA3D6B9-0385-4FB6-9DD8-6C2D31370D22}.Debug|Any CPU.ActiveCfg = Debug|Any CPU
		{3AA3D6B9-0385-4FB6-9DD8-6C2D31370D22}.Debug|Any CPU.Build.0 = Debug|Any CPU
		{3AA3D6B9-0385-4FB6-9DD8-6C2D31370D22}.Release|Any CPU.ActiveCfg = Release|Any CPU
		{3AA3D6B9-0385-4FB6-9DD8-6C2D31370D22}.Release|Any CPU.Build.0 = Release|Any CPU
		{B45F46EA-D083-4FE5-825D-7283AC179387}.Debug|Any CPU.ActiveCfg = Debug|Any CPU
		{B45F46EA-D083-4FE5-825D-7283AC179387}.Debug|Any CPU.Build.0 = Debug|Any CPU
		{B45F46EA-D083-4FE5-825D-7283AC179387}.Release|Any CPU.ActiveCfg = Release|Any CPU
		{B45F46EA-D083-4FE5-825D-7283AC179387}.Release|Any CPU.Build.0 = Release|Any CPU
		{CA15A968-FDF6-4D79-81F6-300A4F7CE3C2}.Debug|Any CPU.ActiveCfg = Debug|Any CPU
		{CA15A968-FDF6-4D79-81F6-300A4F7CE3C2}.Debug|Any CPU.Build.0 = Debug|Any CPU
		{CA15A968-FDF6-4D79-81F6-300A4F7CE3C2}.Release|Any CPU.ActiveCfg = Release|Any CPU
		{CA15A968-FDF6-4D79-81F6-300A4F7CE3C2}.Release|Any CPU.Build.0 = Release|Any CPU
		{97BD12D9-E01D-4B19-B650-A3EAD47E78AA}.Debug|Any CPU.ActiveCfg = Debug|Any CPU
		{97BD12D9-E01D-4B19-B650-A3EAD47E78AA}.Debug|Any CPU.Build.0 = Debug|Any CPU
		{97BD12D9-E01D-4B19-B650-A3EAD47E78AA}.Release|Any CPU.ActiveCfg = Release|Any CPU
		{97BD12D9-E01D-4B19-B650-A3EAD47E78AA}.Release|Any CPU.Build.0 = Release|Any CPU
	EndGlobalSection
	GlobalSection(SolutionProperties) = preSolution
		HideSolutionNode = FALSE
	EndGlobalSection
	GlobalSection(ExtensibilityGlobals) = postSolution
		SolutionGuid = {7198AD78-52F7-4543-9EA5-E452CDEE2C33}
	EndGlobalSection
EndGlobal
