
Microsoft Visual Studio Solution File, Format Version 12.00
# Visual Studio Version 16
VisualStudioVersion = 16.0.30309.148
MinimumVisualStudioVersion = 10.0.40219.1
Project("{9A19103F-16F7-4668-BE54-9A1E7A4F7556}") = "CalculoDeValorTotalEmPedido", "CalculoDeValorTotalEmPedido.csproj", "{3AA3D6B9-0385-4FB6-9DD8-6C2D31370D22}"
EndProject
Project("{9A19103F-16F7-4668-BE54-9A1E7A4F7556}") = "AreaCirculo", "..\AreaCirculo\AreaCirculo.csproj", "{B45F46EA-D083-4FE5-825D-7283AC179387}"
EndProject
Project("{9A19103F-16F7-4668-BE54-9A1E7A4F7556}") = "CalculodePedidoWithArrayPreco", "..\CalcularPedido\CalculodePedidoWithArrayPreco.csproj", "{CA15A968-FDF6-4D79-81F6-300A4F7CE3C2}"
EndProject
Project("{9A19103F-16F7-4668-BE54-9A1E7A4F7556}") = "Bhaskara", "..\Bhaskara\Bhaskara.csproj", "{97BD12D9-E01D-4B19-B650-A3EAD47E78AA}"
EndProject
Project("{9A19103F-16F7-4668-BE54-9A1E7A4F7556}") = "AcessoPermitido", "..\AcessoPermitido\AcessoPermitido.csproj", "{2C057EC1-40BF-40E7-A3AB-A8A4BEDC7A91}"
EndProject
Project("{9A19103F-16F7-4668-BE54-9A1E7A4F7556}") = "InOut", "..\InOut\InOut.csproj", "{6197385C-E994-4D1B-B6C1-8225130547A5}"
EndProject
Project("{9A19103F-16F7-4668-BE54-9A1E7A4F7556}") = "1035", "..\1035\1035.csproj", "{58A32C73-A73D-452A-9915-9E7C921EDCF6}"
EndProject
Project("{9A19103F-16F7-4668-BE54-9A1E7A4F7556}") = "1038", "..\1038\1038.csproj", "{A5EEFE57-6BC9-43A6-A658-9E679CAEC80E}"
EndProject
Project("{9A19103F-16F7-4668-BE54-9A1E7A4F7556}") = "1044Multiplos", "..\1044 - Multiplos\1044Multiplos.csproj", "{45C3C8E8-536D-4A6C-98A7-A7769EDB52F9}"
EndProject
Project("{9A19103F-16F7-4668-BE54-9A1E7A4F7556}") = "1046TempodeJogo", "..\1046 - Tempo de Jogo\1046TempodeJogo.csproj", "{96DB60D9-EB1C-48FF-A606-65BC514905DA}"
EndProject
Project("{9A19103F-16F7-4668-BE54-9A1E7A4F7556}") = "1048AumentoDeSalario", "..\1048 - Aumento de Salario\1048AumentoDeSalario.csproj", "{0ABDFCB6-7A6F-4C5B-AE81-9DFCC34B2040}"
EndProject
Project("{9A19103F-16F7-4668-BE54-9A1E7A4F7556}") = "1037Intervalo", "..\1037Intervalo\1037Intervalo.csproj", "{DE1B3336-457F-4E51-A11B-7AB934E2206B}"
EndProject
Project("{9A19103F-16F7-4668-BE54-9A1E7A4F7556}") = "1040Media3", "..\1040Media3\1040Media3.csproj", "{CEA033A7-1218-4A76-81A3-8380A4A10ABF}"
EndProject
Project("{9A19103F-16F7-4668-BE54-9A1E7A4F7556}") = "1041CoordenadasPonto", "..\1041CoordenadasPonto\1041CoordenadasPonto.csproj", "{B3EE791B-AF9C-4EF9-9006-57BFE2BFD15D}"
EndProject
Project("{9A19103F-16F7-4668-BE54-9A1E7A4F7556}") = "1045tiposDeTriangulos", "..\1045tiposDeTriangulos\1045tiposDeTriangulos.csproj", "{4B2DEA29-7875-411E-9594-1973699F617C}"
EndProject
Project("{9A19103F-16F7-4668-BE54-9A1E7A4F7556}") = "1047TempoDeJogoComMinutos", "..\1047TempoDeJogoComMinutos\1047TempoDeJogoComMinutos.csproj", "{C9F2C1B3-4E91-4FDF-8751-FE36BF80CEA2}"
EndProject
Project("{FAE04EC0-301F-11D3-BF4B-00C04F79EFBC}") = "1049Animal", "..\1049Animal\1049Animal.csproj", "{9ED42FF2-D2BC-4C04-B835-CF96EB4F1AE5}"
EndProject
Global
	GlobalSection(SolutionConfigurationPlatforms) = preSolution
		Debug|Any CPU = Debug|Any CPU
		Release|Any CPU = Release|Any CPU
	EndGlobalSection
	GlobalSection(ProjectConfigurationPlatforms) = postSolution
		{3AA3D6B9-0385-4FB6-9DD8-6C2D31370D22}.Debug|Any CPU.ActiveCfg = Debug|Any CPU
		{3AA3D6B9-0385-4FB6-9DD8-6C2D31370D22}.Debug|Any CPU.Build.0 = Debug|Any CPU
		{3AA3D6B9-0385-4FB6-9DD8-6C2D31370D22}.Release|Any CPU.ActiveCfg = Release|Any CPU
		{3AA3D6B9-0385-4FB6-9DD8-6C2D31370D22}.Release|Any CPU.Build.0 = Release|Any CPU
		{B45F46EA-D083-4FE5-825D-7283AC179387}.Debug|Any CPU.ActiveCfg = Debug|Any CPU
		{B45F46EA-D083-4FE5-825D-7283AC179387}.Debug|Any CPU.Build.0 = Debug|Any CPU
		{B45F46EA-D083-4FE5-825D-7283AC179387}.Release|Any CPU.ActiveCfg = Release|Any CPU
		{B45F46EA-D083-4FE5-825D-7283AC179387}.Release|Any CPU.Build.0 = Release|Any CPU
		{CA15A968-FDF6-4D79-81F6-300A4F7CE3C2}.Debug|Any CPU.ActiveCfg = Debug|Any CPU
		{CA15A968-FDF6-4D79-81F6-300A4F7CE3C2}.Debug|Any CPU.Build.0 = Debug|Any CPU
		{CA15A968-FDF6-4D79-81F6-300A4F7CE3C2}.Release|Any CPU.ActiveCfg = Release|Any CPU
		{CA15A968-FDF6-4D79-81F6-300A4F7CE3C2}.Release|Any CPU.Build.0 = Release|Any CPU
		{97BD12D9-E01D-4B19-B650-A3EAD47E78AA}.Debug|Any CPU.ActiveCfg = Debug|Any CPU
		{97BD12D9-E01D-4B19-B650-A3EAD47E78AA}.Debug|Any CPU.Build.0 = Debug|Any CPU
		{97BD12D9-E01D-4B19-B650-A3EAD47E78AA}.Release|Any CPU.ActiveCfg = Release|Any CPU
		{97BD12D9-E01D-4B19-B650-A3EAD47E78AA}.Release|Any CPU.Build.0 = Release|Any CPU
		{2C057EC1-40BF-40E7-A3AB-A8A4BEDC7A91}.Debug|Any CPU.ActiveCfg = Debug|Any CPU
		{2C057EC1-40BF-40E7-A3AB-A8A4BEDC7A91}.Debug|Any CPU.Build.0 = Debug|Any CPU
		{2C057EC1-40BF-40E7-A3AB-A8A4BEDC7A91}.Release|Any CPU.ActiveCfg = Release|Any CPU
		{2C057EC1-40BF-40E7-A3AB-A8A4BEDC7A91}.Release|Any CPU.Build.0 = Release|Any CPU
		{6197385C-E994-4D1B-B6C1-8225130547A5}.Debug|Any CPU.ActiveCfg = Debug|Any CPU
		{6197385C-E994-4D1B-B6C1-8225130547A5}.Debug|Any CPU.Build.0 = Debug|Any CPU
		{6197385C-E994-4D1B-B6C1-8225130547A5}.Release|Any CPU.ActiveCfg = Release|Any CPU
		{6197385C-E994-4D1B-B6C1-8225130547A5}.Release|Any CPU.Build.0 = Release|Any CPU
		{58A32C73-A73D-452A-9915-9E7C921EDCF6}.Debug|Any CPU.ActiveCfg = Debug|Any CPU
		{58A32C73-A73D-452A-9915-9E7C921EDCF6}.Debug|Any CPU.Build.0 = Debug|Any CPU
		{58A32C73-A73D-452A-9915-9E7C921EDCF6}.Release|Any CPU.ActiveCfg = Release|Any CPU
		{58A32C73-A73D-452A-9915-9E7C921EDCF6}.Release|Any CPU.Build.0 = Release|Any CPU
		{A5EEFE57-6BC9-43A6-A658-9E679CAEC80E}.Debug|Any CPU.ActiveCfg = Debug|Any CPU
		{A5EEFE57-6BC9-43A6-A658-9E679CAEC80E}.Debug|Any CPU.Build.0 = Debug|Any CPU
		{A5EEFE57-6BC9-43A6-A658-9E679CAEC80E}.Release|Any CPU.ActiveCfg = Release|Any CPU
		{A5EEFE57-6BC9-43A6-A658-9E679CAEC80E}.Release|Any CPU.Build.0 = Release|Any CPU
		{45C3C8E8-536D-4A6C-98A7-A7769EDB52F9}.Debug|Any CPU.ActiveCfg = Debug|Any CPU
		{45C3C8E8-536D-4A6C-98A7-A7769EDB52F9}.Debug|Any CPU.Build.0 = Debug|Any CPU
		{45C3C8E8-536D-4A6C-98A7-A7769EDB52F9}.Release|Any CPU.ActiveCfg = Release|Any CPU
		{45C3C8E8-536D-4A6C-98A7-A7769EDB52F9}.Release|Any CPU.Build.0 = Release|Any CPU
		{96DB60D9-EB1C-48FF-A606-65BC514905DA}.Debug|Any CPU.ActiveCfg = Debug|Any CPU
		{96DB60D9-EB1C-48FF-A606-65BC514905DA}.Debug|Any CPU.Build.0 = Debug|Any CPU
		{96DB60D9-EB1C-48FF-A606-65BC514905DA}.Release|Any CPU.ActiveCfg = Release|Any CPU
		{96DB60D9-EB1C-48FF-A606-65BC514905DA}.Release|Any CPU.Build.0 = Release|Any CPU
		{0ABDFCB6-7A6F-4C5B-AE81-9DFCC34B2040}.Debug|Any CPU.ActiveCfg = Debug|Any CPU
		{0ABDFCB6-7A6F-4C5B-AE81-9DFCC34B2040}.Debug|Any CPU.Build.0 = Debug|Any CPU
		{0ABDFCB6-7A6F-4C5B-AE81-9DFCC34B2040}.Release|Any CPU.ActiveCfg = Release|Any CPU
		{0ABDFCB6-7A6F-4C5B-AE81-9DFCC34B2040}.Release|Any CPU.Build.0 = Release|Any CPU
		{DE1B3336-457F-4E51-A11B-7AB934E2206B}.Debug|Any CPU.ActiveCfg = Debug|Any CPU
		{DE1B3336-457F-4E51-A11B-7AB934E2206B}.Debug|Any CPU.Build.0 = Debug|Any CPU
		{DE1B3336-457F-4E51-A11B-7AB934E2206B}.Release|Any CPU.ActiveCfg = Release|Any CPU
		{DE1B3336-457F-4E51-A11B-7AB934E2206B}.Release|Any CPU.Build.0 = Release|Any CPU
		{CEA033A7-1218-4A76-81A3-8380A4A10ABF}.Debug|Any CPU.ActiveCfg = Debug|Any CPU
		{CEA033A7-1218-4A76-81A3-8380A4A10ABF}.Debug|Any CPU.Build.0 = Debug|Any CPU
		{CEA033A7-1218-4A76-81A3-8380A4A10ABF}.Release|Any CPU.ActiveCfg = Release|Any CPU
		{CEA033A7-1218-4A76-81A3-8380A4A10ABF}.Release|Any CPU.Build.0 = Release|Any CPU
		{B3EE791B-AF9C-4EF9-9006-57BFE2BFD15D}.Debug|Any CPU.ActiveCfg = Debug|Any CPU
		{B3EE791B-AF9C-4EF9-9006-57BFE2BFD15D}.Debug|Any CPU.Build.0 = Debug|Any CPU
		{B3EE791B-AF9C-4EF9-9006-57BFE2BFD15D}.Release|Any CPU.ActiveCfg = Release|Any CPU
		{B3EE791B-AF9C-4EF9-9006-57BFE2BFD15D}.Release|Any CPU.Build.0 = Release|Any CPU
		{4B2DEA29-7875-411E-9594-1973699F617C}.Debug|Any CPU.ActiveCfg = Debug|Any CPU
		{4B2DEA29-7875-411E-9594-1973699F617C}.Debug|Any CPU.Build.0 = Debug|Any CPU
		{4B2DEA29-7875-411E-9594-1973699F617C}.Release|Any CPU.ActiveCfg = Release|Any CPU
		{4B2DEA29-7875-411E-9594-1973699F617C}.Release|Any CPU.Build.0 = Release|Any CPU
		{C9F2C1B3-4E91-4FDF-8751-FE36BF80CEA2}.Debug|Any CPU.ActiveCfg = Debug|Any CPU
		{C9F2C1B3-4E91-4FDF-8751-FE36BF80CEA2}.Debug|Any CPU.Build.0 = Debug|Any CPU
		{C9F2C1B3-4E91-4FDF-8751-FE36BF80CEA2}.Release|Any CPU.ActiveCfg = Release|Any CPU
		{C9F2C1B3-4E91-4FDF-8751-FE36BF80CEA2}.Release|Any CPU.Build.0 = Release|Any CPU
		{9ED42FF2-D2BC-4C04-B835-CF96EB4F1AE5}.Debug|Any CPU.ActiveCfg = Debug|Any CPU
		{9ED42FF2-D2BC-4C04-B835-CF96EB4F1AE5}.Debug|Any CPU.Build.0 = Debug|Any CPU
		{9ED42FF2-D2BC-4C04-B835-CF96EB4F1AE5}.Release|Any CPU.ActiveCfg = Release|Any CPU
		{9ED42FF2-D2BC-4C04-B835-CF96EB4F1AE5}.Release|Any CPU.Build.0 = Release|Any CPU
	EndGlobalSection
	GlobalSection(SolutionProperties) = preSolution
		HideSolutionNode = FALSE
	EndGlobalSection
	GlobalSection(ExtensibilityGlobals) = postSolution
		SolutionGuid = {7198AD78-52F7-4543-9EA5-E452CDEE2C33}
	EndGlobalSection
EndGlobal
